{
    "beberlei/doctrineextensions": {
        "version": "v1.3.0"
    },
    "dompdf/dompdf": {
        "version": "v1.0.2"
    },
    "egulias/email-validator": {
        "version": "2.1.25"
    },
    "phenx/php-font-lib": {
        "version": "0.5.2"
    },
    "phenx/php-svg-lib": {
        "version": "v0.3.3"
    },
    "sabberworm/php-css-parser": {
        "version": "8.3.1"
    },
    "symfony/mailer": {
        "version": "4.3",
        "recipe": {
            "repo": "github.com/symfony/recipes",
            "branch": "master",
            "version": "4.3",
            "ref": "15658c2a0176cda2e7dba66276a2030b52bd81b2"
        },
        "files": [
            "./config/packages/mailer.yaml"
        ]
    },
    "symfony/mime": {
        "version": "v5.1.11"
    },
    "symfony/polyfill-intl-idn": {
        "version": "v1.23.0"
    },
    "symfony/profiler-pack": {
        "version": "v1.0.5"
    },
    "symfony/serializer": {
        "version": "v5.1.11"
    },
    "symfony/twig-pack": {
        "version": "v1.0.1"
    },
    "symfony/web-profiler-bundle": {
        "version": "3.3",
        "recipe": {
            "repo": "github.com/symfony/recipes",
            "branch": "master",
            "version": "3.3",
            "ref": "6bdfa1a95f6b2e677ab985cd1af2eae35d62e0f6"
        },
        "files": [
            "./config/packages/dev/web_profiler.yaml",
            "./config/packages/test/web_profiler.yaml",
            "./config/routes/dev/web_profiler.yaml"
        ]
    },
    "twig/extra-bundle": {
        "version": "v3.3.1"
    }
}
